
Microsoft Visual Studio Solution File, Format Version 12.00
# Visual Studio Version 17
VisualStudioVersion = 17.13.35818.85 d17.13
MinimumVisualStudioVersion = 10.0.40219.1
Project("{FAE04EC0-301F-11D3-BF4B-00C04F79EFBC}") = "mf-dev-backend-2025", "mf-dev-backend-2025\mf-dev-backend-2025.csproj", "{5A2638F3-0DCD-4256-BE7D-3306F335B669}"
EndProject
Global
	GlobalSection(SolutionConfigurationPlatforms) = preSolution
		Debug|Any CPU = Debug|Any CPU
		Release|Any CPU = Release|Any CPU
	EndGlobalSection
	GlobalSection(ProjectConfigurationPlatforms) = postSolution
		{5A2638F3-0DCD-4256-BE7D-3306F335B669}.Debug|Any CPU.ActiveCfg = Debug|Any CPU
		{5A2638F3-0DCD-4256-BE7D-3306F335B669}.Debug|Any CPU.Build.0 = Debug|Any CPU
		{5A2638F3-0DCD-4256-BE7D-3306F335B669}.Release|Any CPU.ActiveCfg = Release|Any CPU
		{5A2638F3-0DCD-4256-BE7D-3306F335B669}.Release|Any CPU.Build.0 = Release|Any CPU
	EndGlobalSection
	GlobalSection(SolutionProperties) = preSolution
		HideSolutionNode = FALSE
	EndGlobalSection
	GlobalSection(ExtensibilityGlobals) = postSolution
		SolutionGuid = {259FAD16-1F97-4DC5-AD48-F236A018128B}
	EndGlobalSection
EndGlobal
